
Microsoft Visual Studio Solution File, Format Version 12.00
# Visual Studio Version 16
VisualStudioVersion = 16.0.31613.86
MinimumVisualStudioVersion = 10.0.40219.1
Project("{FAE04EC0-301F-11D3-BF4B-00C04F79EFBC}") = "Practica4", "Practica4.csproj", "{69280D3A-02A3-4C6A-AB79-CF399FF2CA01}"
EndProject
Global
	GlobalSection(SolutionConfigurationPlatforms) = preSolution
		Debug|Any CPU = Debug|Any CPU
		Release|Any CPU = Release|Any CPU
	EndGlobalSection
	GlobalSection(ProjectConfigurationPlatforms) = postSolution
		{69280D3A-02A3-4C6A-AB79-CF399FF2CA01}.Debug|Any CPU.ActiveCfg = Debug|Any CPU
		{69280D3A-02A3-4C6A-AB79-CF399FF2CA01}.Debug|Any CPU.Build.0 = Debug|Any CPU
		{69280D3A-02A3-4C6A-AB79-CF399FF2CA01}.Release|Any CPU.ActiveCfg = Release|Any CPU
		{69280D3A-02A3-4C6A-AB79-CF399FF2CA01}.Release|Any CPU.Build.0 = Release|Any CPU
	EndGlobalSection
	GlobalSection(SolutionProperties) = preSolution
		HideSolutionNode = FALSE
	EndGlobalSection
	GlobalSection(ExtensibilityGlobals) = postSolution
		SolutionGuid = {3270F48D-BE03-4D33-AFDC-9B15E2AF83C7}
	EndGlobalSection
EndGlobal
